Microsoft Visual Studio Solution File, Format Version 12.00
# Visual Studio Version 17
VisualStudioVersion = 17.5.2.0
MinimumVisualStudioVersion = 10.0.40219.1
Project("{FAE04EC0-301F-11D3-BF4B-00C04F79EFBC}") = "koleksiyonlar", "koleksiyonlar.csproj", "{347E6C36-950B-EAF0-416E-5CEA0910770F}"
EndProject
Global
	GlobalSection(SolutionConfigurationPlatforms) = preSolution
		Debug|Any CPU = Debug|Any CPU
		Release|Any CPU = Release|Any CPU
	EndGlobalSection
	GlobalSection(ProjectConfigurationPlatforms) = postSolution
		{347E6C36-950B-EAF0-416E-5CEA0910770F}.Debug|Any CPU.ActiveCfg = Debug|Any CPU
		{347E6C36-950B-EAF0-416E-5CEA0910770F}.Debug|Any CPU.Build.0 = Debug|Any CPU
		{347E6C36-950B-EAF0-416E-5CEA0910770F}.Release|Any CPU.ActiveCfg = Release|Any CPU
		{347E6C36-950B-EAF0-416E-5CEA0910770F}.Release|Any CPU.Build.0 = Release|Any CPU
	EndGlobalSection
	GlobalSection(SolutionProperties) = preSolution
		HideSolutionNode = FALSE
	EndGlobalSection
	GlobalSection(ExtensibilityGlobals) = postSolution
		SolutionGuid = {F4ADFCFE-476C-4DD4-9CBA-BCB8D8212FB7}
	EndGlobalSection
EndGlobal
